
Microsoft Visual Studio Solution File, Format Version 12.00
# Visual Studio Version 17
VisualStudioVersion = 17.3.32804.467
MinimumVisualStudioVersion = 10.0.40219.1
Project("{FAE04EC0-301F-11D3-BF4B-00C04F79EFBC}") = "Ch3Studio", "Ch3Studio\Ch3Studio.csproj", "{1A71F672-A654-488D-BBE2-80D60F8087BB}"
EndProject
Global
	GlobalSection(SolutionConfigurationPlatforms) = preSolution
		Debug|Any CPU = Debug|Any CPU
		Release|Any CPU = Release|Any CPU
	EndGlobalSection
	GlobalSection(ProjectConfigurationPlatforms) = postSolution
		{1A71F672-A654-488D-BBE2-80D60F8087BB}.Debug|Any CPU.ActiveCfg = Debug|Any CPU
		{1A71F672-A654-488D-BBE2-80D60F8087BB}.Debug|Any CPU.Build.0 = Debug|Any CPU
		{1A71F672-A654-488D-BBE2-80D60F8087BB}.Release|Any CPU.ActiveCfg = Release|Any CPU
		{1A71F672-A654-488D-BBE2-80D60F8087BB}.Release|Any CPU.Build.0 = Release|Any CPU
	EndGlobalSection
	GlobalSection(SolutionProperties) = preSolution
		HideSolutionNode = FALSE
	EndGlobalSection
	GlobalSection(ExtensibilityGlobals) = postSolution
		SolutionGuid = {1CAE7944-8DD4-4F40-A176-4F3B1396221B}
	EndGlobalSection
EndGlobal
